
Microsoft Visual Studio Solution File, Format Version 12.00
Project("{FAE04EC0-301F-11D3-BF4B-00C04F79EFBC}") = "HelloProfiler", "HelloProfiler.csproj", "{8BB873F5-942C-4F7D-BEA3-00C228186615}"
EndProject
Project("{FAE04EC0-301F-11D3-BF4B-00C04F79EFBC}") = "HelloProfilerFramework", "..\HelloProfilerFramework\HelloProfilerFramework.csproj", "{5C11AAFC-807B-46FC-A1A3-E8CF3D366F7E}"
EndProject
Global
	GlobalSection(SolutionConfigurationPlatforms) = preSolution
		Debug|Any CPU = Debug|Any CPU
		Release|Any CPU = Release|Any CPU
	EndGlobalSection
	GlobalSection(ProjectConfigurationPlatforms) = postSolution
		{8BB873F5-942C-4F7D-BEA3-00C228186615}.Debug|Any CPU.ActiveCfg = Debug|Any CPU
		{8BB873F5-942C-4F7D-BEA3-00C228186615}.Debug|Any CPU.Build.0 = Debug|Any CPU
		{8BB873F5-942C-4F7D-BEA3-00C228186615}.Release|Any CPU.ActiveCfg = Release|Any CPU
		{8BB873F5-942C-4F7D-BEA3-00C228186615}.Release|Any CPU.Build.0 = Release|Any CPU
		{5C11AAFC-807B-46FC-A1A3-E8CF3D366F7E}.Debug|Any CPU.ActiveCfg = Debug|Any CPU
		{5C11AAFC-807B-46FC-A1A3-E8CF3D366F7E}.Debug|Any CPU.Build.0 = Debug|Any CPU
		{5C11AAFC-807B-46FC-A1A3-E8CF3D366F7E}.Release|Any CPU.ActiveCfg = Release|Any CPU
		{5C11AAFC-807B-46FC-A1A3-E8CF3D366F7E}.Release|Any CPU.Build.0 = Release|Any CPU
	EndGlobalSection
EndGlobal
