<?xml version="1.0" encoding="utf-8"?>
<Project ToolsVersion="4.0" xmlns="http://schemas.microsoft.com/developer/msbuild/2003">
  <ItemGroup>
    <ClCompile Include="dllmain.cpp">
      <Filter>Source Files</Filter>
    </ClCompile>
    <ClCompile Include="NameResolver.cpp">
      <Filter>Source Files</Filter>
    </ClCompile>
    <ClCompile Include="OctoProfiler.cpp">
      <Filter>Source Files</Filter>
    </ClCompile>
    <ClCompile Include="OctoProfilerEnterLeave.cpp">
      <Filter>Source Files</Filter>
    </ClCompile>
    <ClCompile Include="OctoProfilerFactory.cpp">
      <Filter>Source Files</Filter>
    </ClCompile>
    <ClCompile Include="log.cpp">
      <Filter>Source Files</Filter>
    </ClCompile>
    <ClCompile Include="log.h">
      <Filter>Header Files</Filter>
    </ClCompile>
  </ItemGroup>
  <ItemGroup>
    <ClInclude Include="NameResolver.h">
      <Filter>Header Files</Filter>
    </ClInclude>
    <ClInclude Include="OctoProfiler.h">
      <Filter>Header Files</Filter>
    </ClInclude>
    <ClInclude Include="OctoProfilerFactory.h">
      <Filter>Header Files</Filter>
    </ClInclude>
    <ClInclude Include="OctoProfilerEnterLeave.h">
      <Filter>Header Files</Filter>
    </ClInclude>
    <ClInclude Include="OctoSink.h">
      <Filter>Header Files</Filter>
    </ClInclude>
  </ItemGroup>
  <ItemGroup>
    <None Include="OctoProfiler.def" />
  </ItemGroup>
  <ItemGroup>
    <Filter Include="Source Files">
      <UniqueIdentifier>{5d25ad1b-0734-4851-8a65-824c9cea6888}</UniqueIdentifier>
    </Filter>
    <Filter Include="Header Files">
      <UniqueIdentifier>{74e1da78-b54c-4b7a-b610-16dacbb13fab}</UniqueIdentifier>
    </Filter>
  </ItemGroup>
</Project>